
Microsoft Visual Studio Solution File, Format Version 12.00
# Visual Studio Version 16
VisualStudioVersion = 16.0.31205.134
MinimumVisualStudioVersion = 10.0.40219.1
Project("{FAE04EC0-301F-11D3-BF4B-00C04F79EFBC}") = "Stratego", "Stratego\Stratego.csproj", "{E18D5D06-7501-4DC1-A1E6-FCF0EACCE53A}"
EndProject
Project("{FAE04EC0-301F-11D3-BF4B-00C04F79EFBC}") = "StrategoServer", "StrategoServer\StrategoServer.csproj", "{3A9A3F61-52B4-4EF6-9786-BAF275A395BB}"
EndProject
Global
	GlobalSection(SolutionConfigurationPlatforms) = preSolution
		Debug|Any CPU = Debug|Any CPU
		Release|Any CPU = Release|Any CPU
	EndGlobalSection
	GlobalSection(ProjectConfigurationPlatforms) = postSolution
		{E18D5D06-7501-4DC1-A1E6-FCF0EACCE53A}.Debug|Any CPU.ActiveCfg = Debug|Any CPU
		{E18D5D06-7501-4DC1-A1E6-FCF0EACCE53A}.Debug|Any CPU.Build.0 = Debug|Any CPU
		{E18D5D06-7501-4DC1-A1E6-FCF0EACCE53A}.Release|Any CPU.ActiveCfg = Release|Any CPU
		{E18D5D06-7501-4DC1-A1E6-FCF0EACCE53A}.Release|Any CPU.Build.0 = Release|Any CPU
		{3A9A3F61-52B4-4EF6-9786-BAF275A395BB}.Debug|Any CPU.ActiveCfg = Debug|Any CPU
		{3A9A3F61-52B4-4EF6-9786-BAF275A395BB}.Debug|Any CPU.Build.0 = Debug|Any CPU
		{3A9A3F61-52B4-4EF6-9786-BAF275A395BB}.Release|Any CPU.ActiveCfg = Release|Any CPU
		{3A9A3F61-52B4-4EF6-9786-BAF275A395BB}.Release|Any CPU.Build.0 = Release|Any CPU
	EndGlobalSection
	GlobalSection(SolutionProperties) = preSolution
		HideSolutionNode = FALSE
	EndGlobalSection
	GlobalSection(ExtensibilityGlobals) = postSolution
		SolutionGuid = {836FBAE0-ED84-4F02-8078-B5B87FAC6DA4}
	EndGlobalSection
EndGlobal
